
Microsoft Visual Studio Solution File, Format Version 12.00
# Visual Studio Version 17
VisualStudioVersion = 17.6.33723.286
MinimumVisualStudioVersion = 10.0.40219.1
Project("{9A19103F-16F7-4668-BE54-9A1E7A4F7556}") = "OmniGenerator.Cli", "OmniGenerator.Cli\OmniGenerator.Cli.csproj", "{1DFA7A9C-2B0C-4007-B06F-CCB8A512B269}"
EndProject
Project("{9A19103F-16F7-4668-BE54-9A1E7A4F7556}") = "OmniGenerator.Lib", "OmniGenerator.Lib\OmniGenerator.Lib.csproj", "{2C34E6E8-DAC2-43B8-B8AC-F3A72CC1891A}"
EndProject
Project("{9A19103F-16F7-4668-BE54-9A1E7A4F7556}") = "OmniGenerator.Test", "OmniGenerator.Test\OmniGenerator.Test.csproj", "{19D213D8-9DD7-4B94-8ADF-C5006907F7B9}"
EndProject
Project("{2150E333-8FDC-42A3-9474-1A3956D46DE8}") = "ParamFiles", "ParamFiles", "{D1F10929-6948-4062-906D-D4E9F7C4F731}"
	ProjectSection(SolutionItems) = preProject
		ParamFiles\fields-slip.json = ParamFiles\fields-slip.json
		ParamFiles\param-compliance-eligibility.json = ParamFiles\param-compliance-eligibility.json
		ParamFiles\param-debug.json = ParamFiles\param-debug.json
		ParamFiles\param-sql.json = ParamFiles\param-sql.json
	EndProjectSection
EndProject
Project("{9A19103F-16F7-4668-BE54-9A1E7A4F7556}") = "OmniGenerator.Plugins.Tessi", "OmniGenerator.Plugins.Tessi\OmniGenerator.Plugins.Tessi.csproj", "{EC36842D-000A-4273-B98E-CC3BFA2A9B97}"
EndProject
Project("{9A19103F-16F7-4668-BE54-9A1E7A4F7556}") = "OmniGenerator.Plugins", "OmniGenerator.Plugins\OmniGenerator.Plugins.csproj", "{0D00A240-F9F5-430D-B93D-7BF948038245}"
EndProject
Project("{2150E333-8FDC-42A3-9474-1A3956D46DE8}") = "LotPakJpk", "LotPakJpk", "{02EA681E-C7D8-13C7-8484-4AC65E1B71E8}"
EndProject
Project("{2150E333-8FDC-42A3-9474-1A3956D46DE8}") = "Remettant", "Remettant", "{1030305D-4280-4C24-8CBF-4ADA60201B4C}"
	ProjectSection(SolutionItems) = preProject
		ParamFiles\Remettant\fields-cheque.json = ParamFiles\Remettant\fields-cheque.json
		ParamFiles\Remettant\fields-payment.json = ParamFiles\Remettant\fields-payment.json
		ParamFiles\Remettant\fields-talon-optique.json = ParamFiles\Remettant\fields-talon-optique.json
		ParamFiles\Remettant\param.json = ParamFiles\Remettant\param.json
	EndProjectSection
EndProject
Global
	GlobalSection(SolutionConfigurationPlatforms) = preSolution
		Debug|Any CPU = Debug|Any CPU
		Release|Any CPU = Release|Any CPU
	EndGlobalSection
	GlobalSection(ProjectConfigurationPlatforms) = postSolution
		{1DFA7A9C-2B0C-4007-B06F-CCB8A512B269}.Debug|Any CPU.ActiveCfg = Debug|Any CPU
		{1DFA7A9C-2B0C-4007-B06F-CCB8A512B269}.Debug|Any CPU.Build.0 = Debug|Any CPU
		{1DFA7A9C-2B0C-4007-B06F-CCB8A512B269}.Release|Any CPU.ActiveCfg = Release|Any CPU
		{1DFA7A9C-2B0C-4007-B06F-CCB8A512B269}.Release|Any CPU.Build.0 = Release|Any CPU
		{2C34E6E8-DAC2-43B8-B8AC-F3A72CC1891A}.Debug|Any CPU.ActiveCfg = Debug|Any CPU
		{2C34E6E8-DAC2-43B8-B8AC-F3A72CC1891A}.Debug|Any CPU.Build.0 = Debug|Any CPU
		{2C34E6E8-DAC2-43B8-B8AC-F3A72CC1891A}.Release|Any CPU.ActiveCfg = Release|Any CPU
		{2C34E6E8-DAC2-43B8-B8AC-F3A72CC1891A}.Release|Any CPU.Build.0 = Release|Any CPU
		{19D213D8-9DD7-4B94-8ADF-C5006907F7B9}.Debug|Any CPU.ActiveCfg = Debug|Any CPU
		{19D213D8-9DD7-4B94-8ADF-C5006907F7B9}.Debug|Any CPU.Build.0 = Debug|Any CPU
		{19D213D8-9DD7-4B94-8ADF-C5006907F7B9}.Release|Any CPU.ActiveCfg = Release|Any CPU
		{19D213D8-9DD7-4B94-8ADF-C5006907F7B9}.Release|Any CPU.Build.0 = Release|Any CPU
		{EC36842D-000A-4273-B98E-CC3BFA2A9B97}.Debug|Any CPU.ActiveCfg = Debug|Any CPU
		{EC36842D-000A-4273-B98E-CC3BFA2A9B97}.Debug|Any CPU.Build.0 = Debug|Any CPU
		{EC36842D-000A-4273-B98E-CC3BFA2A9B97}.Release|Any CPU.ActiveCfg = Release|Any CPU
		{EC36842D-000A-4273-B98E-CC3BFA2A9B97}.Release|Any CPU.Build.0 = Release|Any CPU
		{0D00A240-F9F5-430D-B93D-7BF948038245}.Debug|Any CPU.ActiveCfg = Debug|Any CPU
		{0D00A240-F9F5-430D-B93D-7BF948038245}.Debug|Any CPU.Build.0 = Debug|Any CPU
		{0D00A240-F9F5-430D-B93D-7BF948038245}.Release|Any CPU.ActiveCfg = Release|Any CPU
		{0D00A240-F9F5-430D-B93D-7BF948038245}.Release|Any CPU.Build.0 = Release|Any CPU
	EndGlobalSection
	GlobalSection(SolutionProperties) = preSolution
		HideSolutionNode = FALSE
	EndGlobalSection
	GlobalSection(NestedProjects) = preSolution
		{02EA681E-C7D8-13C7-8484-4AC65E1B71E8} = {D1F10929-6948-4062-906D-D4E9F7C4F731}
		{1030305D-4280-4C24-8CBF-4ADA60201B4C} = {D1F10929-6948-4062-906D-D4E9F7C4F731}
	EndGlobalSection
	GlobalSection(ExtensibilityGlobals) = postSolution
		SolutionGuid = {B380405C-EC37-4774-9865-2308ECD6113F}
	EndGlobalSection
EndGlobal
